
Microsoft Visual Studio Solution File, Format Version 12.00
# Visual Studio Version 17
VisualStudioVersion = 17.1.32210.238
MinimumVisualStudioVersion = 10.0.40219.1
Project("{FAE04EC0-301F-11D3-BF4B-00C04F79EFBC}") = "GetJSON", "GetJSON.csproj", "{D1254833-9C46-4E51-BB9C-8101E761D737}"
EndProject
Global
	GlobalSection(SolutionConfigurationPlatforms) = preSolution
		Debug|Any CPU = Debug|Any CPU
		Release|Any CPU = Release|Any CPU
	EndGlobalSection
	GlobalSection(ProjectConfigurationPlatforms) = postSolution
		{D1254833-9C46-4E51-BB9C-8101E761D737}.Debug|Any CPU.ActiveCfg = Debug|Any CPU
		{D1254833-9C46-4E51-BB9C-8101E761D737}.Debug|Any CPU.Build.0 = Debug|Any CPU
		{D1254833-9C46-4E51-BB9C-8101E761D737}.Release|Any CPU.ActiveCfg = Release|Any CPU
		{D1254833-9C46-4E51-BB9C-8101E761D737}.Release|Any CPU.Build.0 = Release|Any CPU
	EndGlobalSection
	GlobalSection(SolutionProperties) = preSolution
		HideSolutionNode = FALSE
	EndGlobalSection
	GlobalSection(ExtensibilityGlobals) = postSolution
		SolutionGuid = {C3417B8A-4AEB-4E1A-A98E-3409D331AB35}
	EndGlobalSection
EndGlobal
